
Microsoft Visual Studio Solution File, Format Version 12.00
# Visual Studio Version 16
VisualStudioVersion = 16.0.32802.440
MinimumVisualStudioVersion = 10.0.40219.1
Project("{FAE04EC0-301F-11D3-BF4B-00C04F79EFBC}") = "Skillfactory3.2", "Skillfactory3.2\Skillfactory3.2.csproj", "{01E3313F-2082-46BE-8E67-B7421A3E5298}"
EndProject
Global
	GlobalSection(SolutionConfigurationPlatforms) = preSolution
		Debug|Any CPU = Debug|Any CPU
		Release|Any CPU = Release|Any CPU
	EndGlobalSection
	GlobalSection(ProjectConfigurationPlatforms) = postSolution
		{01E3313F-2082-46BE-8E67-B7421A3E5298}.Debug|Any CPU.ActiveCfg = Debug|Any CPU
		{01E3313F-2082-46BE-8E67-B7421A3E5298}.Debug|Any CPU.Build.0 = Debug|Any CPU
		{01E3313F-2082-46BE-8E67-B7421A3E5298}.Release|Any CPU.ActiveCfg = Release|Any CPU
		{01E3313F-2082-46BE-8E67-B7421A3E5298}.Release|Any CPU.Build.0 = Release|Any CPU
	EndGlobalSection
	GlobalSection(SolutionProperties) = preSolution
		HideSolutionNode = FALSE
	EndGlobalSection
	GlobalSection(ExtensibilityGlobals) = postSolution
		SolutionGuid = {F0FABB9D-F4D6-4287-8A3E-826650095DAD}
	EndGlobalSection
EndGlobal
